# This file was autogenerated by Stack.
# You should not edit this file by hand.
# For more information, please see the documentation at:
#   https://docs.haskellstack.org/en/stable/lock_files

packages:
- completed:
    commit: 269dd34ad90699f5d09752c8aa3a99d589f8668b
    git: https://github.com/ucsd-progsys/liquidhaskell
    name: liquidhaskell
    pantry-tree:
      sha256: 81f95c970af639bc3574caf90c58c7fdab2a1e452949ade702de152655038cf5
      size: 288881
    subdir: .
    version: 0.8.10.1
  original:
    commit: 269dd34ad90699f5d09752c8aa3a99d589f8668b
    git: https://github.com/ucsd-progsys/liquidhaskell
    subdir: .
- completed:
    commit: 269dd34ad90699f5d09752c8aa3a99d589f8668b
    git: https://github.com/ucsd-progsys/liquidhaskell
    name: liquid-base
    pantry-tree:
      sha256: ec8394037c62272604fd3b3271653225cf38309d60850e5c43db2e9ecce8aa65
      size: 14994
    subdir: liquid-base
    version: 4.14.0.0
  original:
    commit: 269dd34ad90699f5d09752c8aa3a99d589f8668b
    git: https://github.com/ucsd-progsys/liquidhaskell
    subdir: liquid-base
- completed:
    commit: 269dd34ad90699f5d09752c8aa3a99d589f8668b
    git: https://github.com/ucsd-progsys/liquidhaskell
    name: liquid-vector
    pantry-tree:
      sha256: 796993e706ae3dce4c1936ce28a37c1fd4dad03a0e6b1f326947cc1ba84ed158
      size: 1724
    subdir: liquid-vector
    version: 0.12.1.2
  original:
    commit: 269dd34ad90699f5d09752c8aa3a99d589f8668b
    git: https://github.com/ucsd-progsys/liquidhaskell
    subdir: liquid-vector
- completed:
    commit: 269dd34ad90699f5d09752c8aa3a99d589f8668b
    git: https://github.com/ucsd-progsys/liquidhaskell
    name: liquid-bytestring
    pantry-tree:
      sha256: e501dda0718c3aabbca14b0d437482a91fb5de01e66ce40a4f53a138438e7358
      size: 1843
    subdir: liquid-bytestring
    version: 0.10.10.0
  original:
    commit: 269dd34ad90699f5d09752c8aa3a99d589f8668b
    git: https://github.com/ucsd-progsys/liquidhaskell
    subdir: liquid-bytestring
- completed:
    commit: 269dd34ad90699f5d09752c8aa3a99d589f8668b
    git: https://github.com/ucsd-progsys/liquidhaskell
    name: liquid-containers
    pantry-tree:
      sha256: 1b3e12f4215421207e44373776df5ff435fc09503546c90a0f6b0b5118d55b0b
      size: 2143
    subdir: liquid-containers
    version: 0.6.2.1
  original:
    commit: 269dd34ad90699f5d09752c8aa3a99d589f8668b
    git: https://github.com/ucsd-progsys/liquidhaskell
    subdir: liquid-containers
- completed:
    commit: 269dd34ad90699f5d09752c8aa3a99d589f8668b
    git: https://github.com/ucsd-progsys/liquidhaskell
    name: liquid-ghc-prim
    pantry-tree:
      sha256: 52a9263e3ecf70db6c2d6626fe144e14bb603c4c659eeb05ef89fb50189d141f
      size: 858
    subdir: liquid-ghc-prim
    version: 0.6.1
  original:
    commit: 269dd34ad90699f5d09752c8aa3a99d589f8668b
    git: https://github.com/ucsd-progsys/liquidhaskell
    subdir: liquid-ghc-prim
- completed:
    commit: d0a6619f97aa605b4b57e3bc8d261186182ebf84
    git: https://github.com/ucsd-progsys/liquid-fixpoint
    name: liquid-fixpoint
    pantry-tree:
      sha256: cd46775a77c361d41579fa29c8d401ebc9444f5f591e03df7df6b08501e615b0
      size: 19475
    version: 0.8.0.2
  original:
    commit: d0a6619f97aa605b4b57e3bc8d261186182ebf84
    git: https://github.com/ucsd-progsys/liquid-fixpoint
- completed:
    hackage: hslua-1.1.2@sha256:6c231b2af447430d1ed04f065d40bb6882ece93cc7f32f4051dc99deb69beeae,9694
    pantry-tree:
      sha256: 62e61f6d08191159a070dcbaa20284a581835de620105a254dbee1c7ddfabd9d
      size: 6820
  original:
    hackage: hslua-1.1.2
- completed:
    hackage: jira-wiki-markup-1.3.2@sha256:b5f0901208a0ee07aff60f5356aeb851b7aa7950c75a18a15fd34247a35886d8,3819
    pantry-tree:
      sha256: 90fa545210a211b8ec88b59f92fe2877ebf2f9e55e2ce2fba6103a3615bd0ab9
      size: 1180
  original:
    hackage: jira-wiki-markup-1.3.2
- completed:
    hackage: pandoc-2.10@sha256:954cb8d8c8a49ff52372fa77ca8414052d6a31e1b99c0c9552fbe349e707ce5f,36760
    pantry-tree:
      sha256: bd2837083be670e471abd6a3bc3df31c2695444c9095daba34987ca8557aece9
      size: 89401
  original:
    hackage: pandoc-2.10
- completed:
    hackage: pandoc-citeproc-0.17.0.2@sha256:39c5c60a5eca2c1cb50ae9a00dc7093ca1baac78ad5be4e222505de257dce456,8737
    pantry-tree:
      sha256: 8a5f6398d750902d79c215a4c8f85c74f3e7ea572dd1f950d57e784669ac7a48
      size: 25684
  original:
    hackage: pandoc-citeproc-0.17.0.2@sha256:39c5c60a5eca2c1cb50ae9a00dc7093ca1baac78ad5be4e222505de257dce456,8737
- completed:
    hackage: template-0.2.0.10@sha256:39fc7fdb2ffdf7354ba2a61807c6581ea7822f08c852e6dd2853cdaa05192696,1054
    pantry-tree:
      sha256: 432e78b6ec820d5126cd2d7d31107b0df8e09de3b33bdd19135ca71f63c9ed8b
      size: 340
  original:
    hackage: template-0.2.0.10
- completed:
    hackage: rfc5051-0.2@sha256:da5d77731f2ac6fe313a67919419b0833e09cd7f1a81869ed82a54dbf8962bf2,1678
    pantry-tree:
      sha256: 191a30a13590a14dc8f606ff945298fee6afbb093a49bc5db71dbaf066f01930
      size: 446
  original:
    hackage: rfc5051-0.2@sha256:da5d77731f2ac6fe313a67919419b0833e09cd7f1a81869ed82a54dbf8962bf2,1678
snapshots:
- completed:
    sha256: 96e98363790e62f4498da632069a03101cf588b3b47925e707f080cff4b6cfbb
    size: 503181
    url: https://raw.githubusercontent.com/commercialhaskell/stackage-snapshots/master/nightly/2020/6/25.yaml
  original: nightly-2020-06-25
